
Microsoft Visual Studio Solution File, Format Version 12.00
# Visual Studio Version 17
VisualStudioVersion = 17.10.35122.118
MinimumVisualStudioVersion = 10.0.40219.1
Project("{FAE04EC0-301F-11D3-BF4B-00C04F79EFBC}") = "Assesment2", "Assesment2\Assesment2.csproj", "{A0FF9687-A40E-447E-A85C-49B334568E9C}"
EndProject
Global
	GlobalSection(SolutionConfigurationPlatforms) = preSolution
		Debug|Any CPU = Debug|Any CPU
		Release|Any CPU = Release|Any CPU
	EndGlobalSection
	GlobalSection(ProjectConfigurationPlatforms) = postSolution
		{A0FF9687-A40E-447E-A85C-49B334568E9C}.Debug|Any CPU.ActiveCfg = Debug|Any CPU
		{A0FF9687-A40E-447E-A85C-49B334568E9C}.Debug|Any CPU.Build.0 = Debug|Any CPU
		{A0FF9687-A40E-447E-A85C-49B334568E9C}.Release|Any CPU.ActiveCfg = Release|Any CPU
		{A0FF9687-A40E-447E-A85C-49B334568E9C}.Release|Any CPU.Build.0 = Release|Any CPU
	EndGlobalSection
	GlobalSection(SolutionProperties) = preSolution
		HideSolutionNode = FALSE
	EndGlobalSection
	GlobalSection(ExtensibilityGlobals) = postSolution
		SolutionGuid = {81FA791A-4208-42DC-B40C-9A7790D24AB3}
	EndGlobalSection
EndGlobal
